
Microsoft Visual Studio Solution File, Format Version 12.00
# Visual Studio Version 16
VisualStudioVersion = 16.0.30413.136
MinimumVisualStudioVersion = 10.0.40219.1
Project("{FAE04EC0-301F-11D3-BF4B-00C04F79EFBC}") = "ApiTestTask.Android", "ApiTestTask\ApiTestTask.Android\ApiTestTask.Android.csproj", "{A1148BF7-8CDD-4962-B3DC-F5BDBE402160}"
EndProject
Project("{FAE04EC0-301F-11D3-BF4B-00C04F79EFBC}") = "ApiTestTask.iOS", "ApiTestTask\ApiTestTask.iOS\ApiTestTask.iOS.csproj", "{61E1E0B4-E37C-435C-B3DB-BEC1478511D1}"
EndProject
Project("{FAE04EC0-301F-11D3-BF4B-00C04F79EFBC}") = "ApiTestTask", "ApiTestTask\ApiTestTask\ApiTestTask.csproj", "{1508475A-DF56-4356-BE15-18F152FE224C}"
EndProject
Global
	GlobalSection(SolutionConfigurationPlatforms) = preSolution
		Debug|Any CPU = Debug|Any CPU
		Debug|iPhone = Debug|iPhone
		Debug|iPhoneSimulator = Debug|iPhoneSimulator
		Release|Any CPU = Release|Any CPU
		Release|iPhone = Release|iPhone
		Release|iPhoneSimulator = Release|iPhoneSimulator
	EndGlobalSection
	GlobalSection(ProjectConfigurationPlatforms) = postSolution
		{A1148BF7-8CDD-4962-B3DC-F5BDBE402160}.Debug|Any CPU.ActiveCfg = Debug|Any CPU
		{A1148BF7-8CDD-4962-B3DC-F5BDBE402160}.Debug|Any CPU.Build.0 = Debug|Any CPU
		{A1148BF7-8CDD-4962-B3DC-F5BDBE402160}.Debug|Any CPU.Deploy.0 = Debug|Any CPU
		{A1148BF7-8CDD-4962-B3DC-F5BDBE402160}.Debug|iPhone.ActiveCfg = Debug|Any CPU
		{A1148BF7-8CDD-4962-B3DC-F5BDBE402160}.Debug|iPhone.Build.0 = Debug|Any CPU
		{A1148BF7-8CDD-4962-B3DC-F5BDBE402160}.Debug|iPhone.Deploy.0 = Debug|Any CPU
		{A1148BF7-8CDD-4962-B3DC-F5BDBE402160}.Debug|iPhoneSimulator.ActiveCfg = Debug|Any CPU
		{A1148BF7-8CDD-4962-B3DC-F5BDBE402160}.Debug|iPhoneSimulator.Build.0 = Debug|Any CPU
		{A1148BF7-8CDD-4962-B3DC-F5BDBE402160}.Debug|iPhoneSimulator.Deploy.0 = Debug|Any CPU
		{A1148BF7-8CDD-4962-B3DC-F5BDBE402160}.Release|Any CPU.ActiveCfg = Release|Any CPU
		{A1148BF7-8CDD-4962-B3DC-F5BDBE402160}.Release|Any CPU.Build.0 = Release|Any CPU
		{A1148BF7-8CDD-4962-B3DC-F5BDBE402160}.Release|Any CPU.Deploy.0 = Release|Any CPU
		{A1148BF7-8CDD-4962-B3DC-F5BDBE402160}.Release|iPhone.ActiveCfg = Release|Any CPU
		{A1148BF7-8CDD-4962-B3DC-F5BDBE402160}.Release|iPhone.Build.0 = Release|Any CPU
		{A1148BF7-8CDD-4962-B3DC-F5BDBE402160}.Release|iPhone.Deploy.0 = Release|Any CPU
		{A1148BF7-8CDD-4962-B3DC-F5BDBE402160}.Release|iPhoneSimulator.ActiveCfg = Release|Any CPU
		{A1148BF7-8CDD-4962-B3DC-F5BDBE402160}.Release|iPhoneSimulator.Build.0 = Release|Any CPU
		{A1148BF7-8CDD-4962-B3DC-F5BDBE402160}.Release|iPhoneSimulator.Deploy.0 = Release|Any CPU
		{61E1E0B4-E37C-435C-B3DB-BEC1478511D1}.Debug|Any CPU.ActiveCfg = Debug|iPhone
		{61E1E0B4-E37C-435C-B3DB-BEC1478511D1}.Debug|Any CPU.Build.0 = Debug|iPhone
		{61E1E0B4-E37C-435C-B3DB-BEC1478511D1}.Debug|Any CPU.Deploy.0 = Debug|iPhone
		{61E1E0B4-E37C-435C-B3DB-BEC1478511D1}.Debug|iPhone.ActiveCfg = Debug|iPhone
		{61E1E0B4-E37C-435C-B3DB-BEC1478511D1}.Debug|iPhone.Build.0 = Debug|iPhone
		{61E1E0B4-E37C-435C-B3DB-BEC1478511D1}.Debug|iPhone.Deploy.0 = Debug|iPhone
		{61E1E0B4-E37C-435C-B3DB-BEC1478511D1}.Debug|iPhoneSimulator.ActiveCfg = Debug|iPhoneSimulator
		{61E1E0B4-E37C-435C-B3DB-BEC1478511D1}.Debug|iPhoneSimulator.Build.0 = Debug|iPhoneSimulator
		{61E1E0B4-E37C-435C-B3DB-BEC1478511D1}.Debug|iPhoneSimulator.Deploy.0 = Debug|iPhoneSimulator
		{61E1E0B4-E37C-435C-B3DB-BEC1478511D1}.Release|Any CPU.ActiveCfg = Release|iPhone
		{61E1E0B4-E37C-435C-B3DB-BEC1478511D1}.Release|Any CPU.Build.0 = Release|iPhone
		{61E1E0B4-E37C-435C-B3DB-BEC1478511D1}.Release|Any CPU.Deploy.0 = Release|iPhone
		{61E1E0B4-E37C-435C-B3DB-BEC1478511D1}.Release|iPhone.ActiveCfg = Release|iPhone
		{61E1E0B4-E37C-435C-B3DB-BEC1478511D1}.Release|iPhone.Build.0 = Release|iPhone
		{61E1E0B4-E37C-435C-B3DB-BEC1478511D1}.Release|iPhone.Deploy.0 = Release|iPhone
		{61E1E0B4-E37C-435C-B3DB-BEC1478511D1}.Release|iPhoneSimulator.ActiveCfg = Release|iPhoneSimulator
		{61E1E0B4-E37C-435C-B3DB-BEC1478511D1}.Release|iPhoneSimulator.Build.0 = Release|iPhoneSimulator
		{61E1E0B4-E37C-435C-B3DB-BEC1478511D1}.Release|iPhoneSimulator.Deploy.0 = Release|iPhoneSimulator
		{1508475A-DF56-4356-BE15-18F152FE224C}.Debug|Any CPU.ActiveCfg = Debug|Any CPU
		{1508475A-DF56-4356-BE15-18F152FE224C}.Debug|Any CPU.Build.0 = Debug|Any CPU
		{1508475A-DF56-4356-BE15-18F152FE224C}.Debug|Any CPU.Deploy.0 = Debug|Any CPU
		{1508475A-DF56-4356-BE15-18F152FE224C}.Debug|iPhone.ActiveCfg = Debug|Any CPU
		{1508475A-DF56-4356-BE15-18F152FE224C}.Debug|iPhone.Build.0 = Debug|Any CPU
		{1508475A-DF56-4356-BE15-18F152FE224C}.Debug|iPhone.Deploy.0 = Debug|Any CPU
		{1508475A-DF56-4356-BE15-18F152FE224C}.Debug|iPhoneSimulator.ActiveCfg = Debug|Any CPU
		{1508475A-DF56-4356-BE15-18F152FE224C}.Debug|iPhoneSimulator.Build.0 = Debug|Any CPU
		{1508475A-DF56-4356-BE15-18F152FE224C}.Debug|iPhoneSimulator.Deploy.0 = Debug|Any CPU
		{1508475A-DF56-4356-BE15-18F152FE224C}.Release|Any CPU.ActiveCfg = Release|Any CPU
		{1508475A-DF56-4356-BE15-18F152FE224C}.Release|Any CPU.Build.0 = Release|Any CPU
		{1508475A-DF56-4356-BE15-18F152FE224C}.Release|Any CPU.Deploy.0 = Release|Any CPU
		{1508475A-DF56-4356-BE15-18F152FE224C}.Release|iPhone.ActiveCfg = Release|Any CPU
		{1508475A-DF56-4356-BE15-18F152FE224C}.Release|iPhone.Build.0 = Release|Any CPU
		{1508475A-DF56-4356-BE15-18F152FE224C}.Release|iPhone.Deploy.0 = Release|Any CPU
		{1508475A-DF56-4356-BE15-18F152FE224C}.Release|iPhoneSimulator.ActiveCfg = Release|Any CPU
		{1508475A-DF56-4356-BE15-18F152FE224C}.Release|iPhoneSimulator.Build.0 = Release|Any CPU
		{1508475A-DF56-4356-BE15-18F152FE224C}.Release|iPhoneSimulator.Deploy.0 = Release|Any CPU
	EndGlobalSection
	GlobalSection(SolutionProperties) = preSolution
		HideSolutionNode = FALSE
	EndGlobalSection
	GlobalSection(ExtensibilityGlobals) = postSolution
		SolutionGuid = {62A35E66-9407-41E3-AFC4-E6446AD1E037}
	EndGlobalSection
EndGlobal
